
Microsoft Visual Studio Solution File, Format Version 12.00
# Visual Studio Version 16
VisualStudioVersion = 16.0.31624.102
MinimumVisualStudioVersion = 10.0.40219.1
Project("{FAE04EC0-301F-11D3-BF4B-00C04F79EFBC}") = "LoungeBar", "LoungeBar\LoungeBar.csproj", "{93DD1523-7136-49A9-9488-24A145BFA9B8}"
EndProject
Global
	GlobalSection(SolutionConfigurationPlatforms) = preSolution
		Debug|Any CPU = Debug|Any CPU
		Release|Any CPU = Release|Any CPU
	EndGlobalSection
	GlobalSection(ProjectConfigurationPlatforms) = postSolution
		{93DD1523-7136-49A9-9488-24A145BFA9B8}.Debug|Any CPU.ActiveCfg = Debug|Any CPU
		{93DD1523-7136-49A9-9488-24A145BFA9B8}.Debug|Any CPU.Build.0 = Debug|Any CPU
		{93DD1523-7136-49A9-9488-24A145BFA9B8}.Release|Any CPU.ActiveCfg = Release|Any CPU
		{93DD1523-7136-49A9-9488-24A145BFA9B8}.Release|Any CPU.Build.0 = Release|Any CPU
	EndGlobalSection
	GlobalSection(SolutionProperties) = preSolution
		HideSolutionNode = FALSE
	EndGlobalSection
	GlobalSection(ExtensibilityGlobals) = postSolution
		SolutionGuid = {49B847FF-C1A2-4400-9CD1-1944E3DC524F}
	EndGlobalSection
EndGlobal
